// !$*UTF8*$!
{
	archiveVersion = 1;
	classes = {
	};
	objectVersion = 46;
	objects = {

/* Begin PBXBuildFile section */
		6510ABE2AF498151C1DEAB30 /* libPods-myInfo.a in Frameworks */ = {isa = PBXBuildFile; fileRef = AEC2590AF622422EC8566F83 /* libPods-myInfo.a */; };
		69075EA9199560DC008DEF88 /* UINavigationController+JS.m in Sources */ = {isa = PBXBuildFile; fileRef = 69075EA8199560DC008DEF88 /* UINavigationController+JS.m */; };
		69075EAC19956116008DEF88 /* Unity.m in Sources */ = {isa = PBXBuildFile; fileRef = 69075EAB19956116008DEF88 /* Unity.m */; };
		6914BA33199BC42E006B3BE7 /* CnblogNewsItem.m in Sources */ = {isa = PBXBuildFile; fileRef = 6914BA32199BC42E006B3BE7 /* CnblogNewsItem.m */; };
		692CE3AD19C1F61B00E5E161 /* AdSupport.framework in Frameworks */ = {isa = PBXBuildFile; fileRef = 692CE3AC19C1F61B00E5E161 /* AdSupport.framework */; };
		692CE3AF19C1F62300E5E161 /* CoreLocation.framework in Frameworks */ = {isa = PBXBuildFile; fileRef = 692CE3AE19C1F62300E5E161 /* CoreLocation.framework */; };
		692CE3B119C1F62B00E5E161 /* CoreTelephony.framework in Frameworks */ = {isa = PBXBuildFile; fileRef = 692CE3B019C1F62B00E5E161 /* CoreTelephony.framework */; };
		692CE3B219C1F63200E5E161 /* StoreKit.framework in Frameworks */ = {isa = PBXBuildFile; fileRef = 692CE39F19C1E71800E5E161 /* StoreKit.framework */; };
		6943D5ED199672C3008828F4 /* DetialViewController.m in Sources */ = {isa = PBXBuildFile; fileRef = 6943D5D7199672C3008828F4 /* DetialViewController.m */; };
		6943D5EF199672C3008828F4 /* SearchViewController.m in Sources */ = {isa = PBXBuildFile; fileRef = 6943D5DD199672C3008828F4 /* SearchViewController.m */; };
		6943D5F0199672C3008828F4 /* SearchViewController.xib in Resources */ = {isa = PBXBuildFile; fileRef = 6943D5DE199672C3008828F4 /* SearchViewController.xib */; };
		6943D5F1199672C3008828F4 /* CollectionViewController.m in Sources */ = {isa = PBXBuildFile; fileRef = 6943D5E1199672C3008828F4 /* CollectionViewController.m */; };
		6943D5F2199672C3008828F4 /* CollectionViewController.xib in Resources */ = {isa = PBXBuildFile; fileRef = 6943D5E2199672C3008828F4 /* CollectionViewController.xib */; };
		6943D5F3199672C3008828F4 /* NewViewController.m in Sources */ = {isa = PBXBuildFile; fileRef = 6943D5E5199672C3008828F4 /* NewViewController.m */; };
		6943D5F5199672C3008828F4 /* SetViewController.m in Sources */ = {isa = PBXBuildFile; fileRef = 6943D5EB199672C3008828F4 /* SetViewController.m */; };
		6943D5F6199672C3008828F4 /* SetViewController.xib in Resources */ = {isa = PBXBuildFile; fileRef = 6943D5EC199672C3008828F4 /* SetViewController.xib */; };
		694D1A90198DEF3400F80796 /* Foundation.framework in Frameworks */ = {isa = PBXBuildFile; fileRef = 694D1A8F198DEF3400F80796 /* Foundation.framework */; };
		694D1A92198DEF3400F80796 /* CoreGraphics.framework in Frameworks */ = {isa = PBXBuildFile; fileRef = 694D1A91198DEF3400F80796 /* CoreGraphics.framework */; };
		694D1A94198DEF3400F80796 /* UIKit.framework in Frameworks */ = {isa = PBXBuildFile; fileRef = 694D1A93198DEF3400F80796 /* UIKit.framework */; };
		694D1A9A198DEF3400F80796 /* InfoPlist.strings in Resources */ = {isa = PBXBuildFile; fileRef = 694D1A98198DEF3400F80796 /* InfoPlist.strings */; };
		694D1A9C198DEF3400F80796 /* main.m in Sources */ = {isa = PBXBuildFile; fileRef = 694D1A9B198DEF3400F80796 /* main.m */; };
		694D1AA0198DEF3400F80796 /* AppDelegate.m in Sources */ = {isa = PBXBuildFile; fileRef = 694D1A9F198DEF3400F80796 /* AppDelegate.m */; };
		694D1AA8198DEF3400F80796 /* Images.xcassets in Resources */ = {isa = PBXBuildFile; fileRef = 694D1AA7198DEF3400F80796 /* Images.xcassets */; };
		694D1AD5198DF27300F80796 /* TabBarViewController.m in Sources */ = {isa = PBXBuildFile; fileRef = 694D1AD4198DF27300F80796 /* TabBarViewController.m */; };
		695137A519C0BD9B0001DF89 /* SDURLCache.m in Sources */ = {isa = PBXBuildFile; fileRef = 695137A419C0BD9B0001DF89 /* SDURLCache.m */; settings = {COMPILER_FLAGS = "-fobjc-arc"; }; };
		69841D0F199CE5C800D3C9A7 /* JSTableView.m in Sources */ = {isa = PBXBuildFile; fileRef = 69841D0E199CE5C800D3C9A7 /* JSTableView.m */; };
		699B184219BAE39600941AF4 /* SearchItem.m in Sources */ = {isa = PBXBuildFile; fileRef = 699B184119BAE39600941AF4 /* SearchItem.m */; };
		699B184419BAE87100941AF4 /* DetialViewController.xib in Resources */ = {isa = PBXBuildFile; fileRef = 699B184319BAE87100941AF4 /* DetialViewController.xib */; };
		699B184719BAEB5600941AF4 /* BlogsDetialItem.m in Sources */ = {isa = PBXBuildFile; fileRef = 699B184619BAEB5600941AF4 /* BlogsDetialItem.m */; };
		699B184A19BAEB7D00941AF4 /* NewsDetialItem.m in Sources */ = {isa = PBXBuildFile; fileRef = 699B184919BAEB7D00941AF4 /* NewsDetialItem.m */; };
		699B185119BAF40600941AF4 /* SimpleWebViewController.m in Sources */ = {isa = PBXBuildFile; fileRef = 699B184F19BAF40600941AF4 /* SimpleWebViewController.m */; };
		699B185219BAF40600941AF4 /* SimpleWebViewController.xib in Resources */ = {isa = PBXBuildFile; fileRef = 699B185019BAF40600941AF4 /* SimpleWebViewController.xib */; };
		699B185519BAF50E00941AF4 /* UINavigationItem+Unitl.m in Sources */ = {isa = PBXBuildFile; fileRef = 699B185419BAF50E00941AF4 /* UINavigationItem+Unitl.m */; };
		69CD383E199BB4B200ED6743 /* NewViewController.xib in Resources */ = {isa = PBXBuildFile; fileRef = 69CD383D199BB4B200ED6743 /* NewViewController.xib */; };
		69CD3885199BB88A00ED6743 /* Reachability.m in Sources */ = {isa = PBXBuildFile; fileRef = 69CD3881199BB88A00ED6743 /* Reachability.m */; };
		69CD388E199BB8D000ED6743 /* JSNetworkEngine.m in Sources */ = {isa = PBXBuildFile; fileRef = 69CD3889199BB8D000ED6743 /* JSNetworkEngine.m */; settings = {COMPILER_FLAGS = "-fobjc-arc"; }; };
		69CD388F199BB8D000ED6743 /* JSNetworkEngine_close_button.png in Resources */ = {isa = PBXBuildFile; fileRef = 69CD388A199BB8D000ED6743 /* JSNetworkEngine_close_button.png */; };
		69CD3890199BB8D000ED6743 /* JSNetworkEngine_close_button@2x.png in Resources */ = {isa = PBXBuildFile; fileRef = 69CD388B199BB8D000ED6743 /* JSNetworkEngine_close_button@2x.png */; };
		69CD3891199BB8D000ED6743 /* MTAnimatedLabel.m in Sources */ = {isa = PBXBuildFile; fileRef = 69CD388D199BB8D000ED6743 /* MTAnimatedLabel.m */; };
		69CD3895199BC31600ED6743 /* NewsItem.m in Sources */ = {isa = PBXBuildFile; fileRef = 69CD3894199BC31600ED6743 /* NewsItem.m */; };
		B5143DA21F28A1EF00063C68 /* libGDTMobSDK.a in Frameworks */ = {isa = PBXBuildFile; fileRef = B5143DA11F28A1EF00063C68 /* libGDTMobSDK.a */; };
		B597FF4E1F356CC30089580B /* libsqlite3.tbd in Frameworks */ = {isa = PBXBuildFile; fileRef = B597FF4D1F356CC30089580B /* libsqlite3.tbd */; };
		B597FF521F356D0B0089580B /* libstdc++.tbd in Frameworks */ = {isa = PBXBuildFile; fileRef = B597FF511F356D0B0089580B /* libstdc++.tbd */; };
		B597FF541F356D1B0089580B /* libxml2.tbd in Frameworks */ = {isa = PBXBuildFile; fileRef = B597FF531F356D1B0089580B /* libxml2.tbd */; };
		B597FF701F3574960089580B /* UITableView+Unitl.m in Sources */ = {isa = PBXBuildFile; fileRef = B597FF6F1F3574960089580B /* UITableView+Unitl.m */; };
		D30CBC6919C13F8F009B7B72 /* JSCache.m in Sources */ = {isa = PBXBuildFile; fileRef = D30CBC6819C13F8F009B7B72 /* JSCache.m */; settings = {COMPILER_FLAGS = "-fobjc-arc"; }; };
		D30CBCBB19C1987B009B7B72 /* MessageUI.framework in Frameworks */ = {isa = PBXBuildFile; fileRef = D30CBCBA19C1987B009B7B72 /* MessageUI.framework */; };
		D312B62219B86FA20050B755 /* BlogsItem.m in Sources */ = {isa = PBXBuildFile; fileRef = D312B61F19B86FA20050B755 /* BlogsItem.m */; };
		D312B62319B86FA20050B755 /* CnblogArticlesItem.m in Sources */ = {isa = PBXBuildFile; fileRef = D312B62119B86FA20050B755 /* CnblogArticlesItem.m */; };
		D32F3C9519BF0CC900B65444 /* CustomViewController.m in Sources */ = {isa = PBXBuildFile; fileRef = D32F3C9319BF0CC900B65444 /* CustomViewController.m */; };
		D32F3C9619BF0CC900B65444 /* CustomViewController.xib in Resources */ = {isa = PBXBuildFile; fileRef = D32F3C9419BF0CC900B65444 /* CustomViewController.xib */; };
		D3606FCA19BEC9F40000F2FB /* CnblogNewsDetialItem.m in Sources */ = {isa = PBXBuildFile; fileRef = D3606FC919BEC9F40000F2FB /* CnblogNewsDetialItem.m */; };
		D3606FD419BED21A0000F2FB /* CnblogCommentItem.m in Sources */ = {isa = PBXBuildFile; fileRef = D3606FD119BED21A0000F2FB /* CnblogCommentItem.m */; };
		D3606FD519BED21A0000F2FB /* CommentsItem.m in Sources */ = {isa = PBXBuildFile; fileRef = D3606FD319BED21A0000F2FB /* CommentsItem.m */; };
		D3606FE019BED2BD0000F2FB /* CnblogCommentCell.m in Sources */ = {isa = PBXBuildFile; fileRef = D3606FD819BED2BD0000F2FB /* CnblogCommentCell.m */; };
		D3606FE119BED2BD0000F2FB /* CnblogCommentCell.xib in Resources */ = {isa = PBXBuildFile; fileRef = D3606FD919BED2BD0000F2FB /* CnblogCommentCell.xib */; };
		D3606FE219BED2BD0000F2FB /* CommentsCell.m in Sources */ = {isa = PBXBuildFile; fileRef = D3606FDB19BED2BD0000F2FB /* CommentsCell.m */; };
		D3606FE319BED2BD0000F2FB /* CommentsCell.xib in Resources */ = {isa = PBXBuildFile; fileRef = D3606FDC19BED2BD0000F2FB /* CommentsCell.xib */; };
		D3606FE419BED2BD0000F2FB /* CommentsWithReferCell.m in Sources */ = {isa = PBXBuildFile; fileRef = D3606FDE19BED2BD0000F2FB /* CommentsWithReferCell.m */; };
		D3606FE519BED2BD0000F2FB /* CommentsWithReferCell.xib in Resources */ = {isa = PBXBuildFile; fileRef = D3606FDF19BED2BD0000F2FB /* CommentsWithReferCell.xib */; };
/* End PBXBuildFile section */

/* Begin PBXFileReference section */
		1C4C58753CFF68E053F2C94D /* Pods-myInfo.release.xcconfig */ = {isa = PBXFileReference; includeInIndex = 1; lastKnownFileType = text.xcconfig; name = "Pods-myInfo.release.xcconfig"; path = "Pods/Target Support Files/Pods-myInfo/Pods-myInfo.release.xcconfig"; sourceTree = "<group>"; };
		69075EA7199560DC008DEF88 /* UINavigationController+JS.h */ = {isa = PBXFileReference; fileEncoding = 4; lastKnownFileType = sourcecode.c.h; path = "UINavigationController+JS.h"; sourceTree = "<group>"; };
		69075EA8199560DC008DEF88 /* UINavigationController+JS.m */ = {isa = PBXFileReference; fileEncoding = 4; lastKnownFileType = sourcecode.c.objc; path = "UINavigationController+JS.m"; sourceTree = "<group>"; };
		69075EAA19956116008DEF88 /* Unity.h */ = {isa = PBXFileReference; fileEncoding = 4; lastKnownFileType = sourcecode.c.h; path = Unity.h; sourceTree = "<group>"; };
		69075EAB19956116008DEF88 /* Unity.m */ = {isa = PBXFileReference; fileEncoding = 4; lastKnownFileType = sourcecode.c.objc; path = Unity.m; sourceTree = "<group>"; };
		6914BA31199BC42E006B3BE7 /* CnblogNewsItem.h */ = {isa = PBXFileReference; fileEncoding = 4; lastKnownFileType = sourcecode.c.h; path = CnblogNewsItem.h; sourceTree = "<group>"; };
		6914BA32199BC42E006B3BE7 /* CnblogNewsItem.m */ = {isa = PBXFileReference; fileEncoding = 4; lastKnownFileType = sourcecode.c.objc; path = CnblogNewsItem.m; sourceTree = "<group>"; };
		692CE39919C1E6F100E5E161 /* EventKit.framework */ = {isa = PBXFileReference; lastKnownFileType = wrapper.framework; name = EventKit.framework; path = System/Library/Frameworks/EventKit.framework; sourceTree = SDKROOT; };
		692CE39B19C1E70700E5E161 /* MediaPlayer.framework */ = {isa = PBXFileReference; lastKnownFileType = wrapper.framework; name = MediaPlayer.framework; path = System/Library/Frameworks/MediaPlayer.framework; sourceTree = SDKROOT; };
		692CE39D19C1E70F00E5E161 /* PassKit.framework */ = {isa = PBXFileReference; lastKnownFileType = wrapper.framework; name = PassKit.framework; path = System/Library/Frameworks/PassKit.framework; sourceTree = SDKROOT; };
		692CE39F19C1E71800E5E161 /* StoreKit.framework */ = {isa = PBXFileReference; lastKnownFileType = wrapper.framework; name = StoreKit.framework; path = System/Library/Frameworks/StoreKit.framework; sourceTree = SDKROOT; };
		692CE3A119C1E72600E5E161 /* Security.framework */ = {isa = PBXFileReference; lastKnownFileType = wrapper.framework; name = Security.framework; path = System/Library/Frameworks/Security.framework; sourceTree = SDKROOT; };
		692CE3A519C1E75100E5E161 /* Social.framework */ = {isa = PBXFileReference; lastKnownFileType = wrapper.framework; name = Social.framework; path = System/Library/Frameworks/Social.framework; sourceTree = SDKROOT; };
		692CE3AC19C1F61B00E5E161 /* AdSupport.framework */ = {isa = PBXFileReference; lastKnownFileType = wrapper.framework; name = AdSupport.framework; path = System/Library/Frameworks/AdSupport.framework; sourceTree = SDKROOT; };
		692CE3AE19C1F62300E5E161 /* CoreLocation.framework */ = {isa = PBXFileReference; lastKnownFileType = wrapper.framework; name = CoreLocation.framework; path = System/Library/Frameworks/CoreLocation.framework; sourceTree = SDKROOT; };
		692CE3B019C1F62B00E5E161 /* CoreTelephony.framework */ = {isa = PBXFileReference; lastKnownFileType = wrapper.framework; name = CoreTelephony.framework; path = System/Library/Frameworks/CoreTelephony.framework; sourceTree = SDKROOT; };
		6943D5D6199672C3008828F4 /* DetialViewController.h */ = {isa = PBXFileReference; fileEncoding = 4; lastKnownFileType = sourcecode.c.h; path = DetialViewController.h; sourceTree = "<group>"; };
		6943D5D7199672C3008828F4 /* DetialViewController.m */ = {isa = PBXFileReference; fileEncoding = 4; lastKnownFileType = sourcecode.c.objc; path = DetialViewController.m; sourceTree = "<group>"; };
		6943D5DC199672C3008828F4 /* SearchViewController.h */ = {isa = PBXFileReference; fileEncoding = 4; lastKnownFileType = sourcecode.c.h; path = SearchViewController.h; sourceTree = "<group>"; };
		6943D5DD199672C3008828F4 /* SearchViewController.m */ = {isa = PBXFileReference; fileEncoding = 4; lastKnownFileType = sourcecode.c.objc; path = SearchViewController.m; sourceTree = "<group>"; };
		6943D5DE199672C3008828F4 /* SearchViewController.xib */ = {isa = PBXFileReference; fileEncoding = 4; lastKnownFileType = file.xib; path = SearchViewController.xib; sourceTree = "<group>"; };
		6943D5E0199672C3008828F4 /* CollectionViewController.h */ = {isa = PBXFileReference; fileEncoding = 4; lastKnownFileType = sourcecode.c.h; path = CollectionViewController.h; sourceTree = "<group>"; };
		6943D5E1199672C3008828F4 /* CollectionViewController.m */ = {isa = PBXFileReference; fileEncoding = 4; lastKnownFileType = sourcecode.c.objc; path = CollectionViewController.m; sourceTree = "<group>"; };
		6943D5E2199672C3008828F4 /* CollectionViewController.xib */ = {isa = PBXFileReference; fileEncoding = 4; lastKnownFileType = file.xib; path = CollectionViewController.xib; sourceTree = "<group>"; };
		6943D5E4199672C3008828F4 /* NewViewController.h */ = {isa = PBXFileReference; fileEncoding = 4; lastKnownFileType = sourcecode.c.h; path = NewViewController.h; sourceTree = "<group>"; };
		6943D5E5199672C3008828F4 /* NewViewController.m */ = {isa = PBXFileReference; fileEncoding = 4; lastKnownFileType = sourcecode.c.objc; path = NewViewController.m; sourceTree = "<group>"; };
		6943D5EA199672C3008828F4 /* SetViewController.h */ = {isa = PBXFileReference; fileEncoding = 4; lastKnownFileType = sourcecode.c.h; path = SetViewController.h; sourceTree = "<group>"; };
		6943D5EB199672C3008828F4 /* SetViewController.m */ = {isa = PBXFileReference; fileEncoding = 4; lastKnownFileType = sourcecode.c.objc; path = SetViewController.m; sourceTree = "<group>"; };
		6943D5EC199672C3008828F4 /* SetViewController.xib */ = {isa = PBXFileReference; fileEncoding = 4; lastKnownFileType = file.xib; path = SetViewController.xib; sourceTree = "<group>"; };
		6943D63019967518008828F4 /* SystemConfiguration.framework */ = {isa = PBXFileReference; lastKnownFileType = wrapper.framework; name = SystemConfiguration.framework; path = System/Library/Frameworks/SystemConfiguration.framework; sourceTree = SDKROOT; };
		6943D63219967527008828F4 /* MobileCoreServices.framework */ = {isa = PBXFileReference; lastKnownFileType = wrapper.framework; name = MobileCoreServices.framework; path = System/Library/Frameworks/MobileCoreServices.framework; sourceTree = SDKROOT; };
		694D1A8C198DEF3400F80796 /* myInfo.app */ = {isa = PBXFileReference; explicitFileType = wrapper.application; includeInIndex = 0; path = myInfo.app; sourceTree = BUILT_PRODUCTS_DIR; };
		694D1A8F198DEF3400F80796 /* Foundation.framework */ = {isa = PBXFileReference; lastKnownFileType = wrapper.framework; name = Foundation.framework; path = System/Library/Frameworks/Foundation.framework; sourceTree = SDKROOT; };
		694D1A91198DEF3400F80796 /* CoreGraphics.framework */ = {isa = PBXFileReference; lastKnownFileType = wrapper.framework; name = CoreGraphics.framework; path = System/Library/Frameworks/CoreGraphics.framework; sourceTree = SDKROOT; };
		694D1A93198DEF3400F80796 /* UIKit.framework */ = {isa = PBXFileReference; lastKnownFileType = wrapper.framework; name = UIKit.framework; path = System/Library/Frameworks/UIKit.framework; sourceTree = SDKROOT; };
		694D1A97198DEF3400F80796 /* myInfo-Info.plist */ = {isa = PBXFileReference; lastKnownFileType = text.plist.xml; path = "myInfo-Info.plist"; sourceTree = "<group>"; };
		694D1A99198DEF3400F80796 /* en */ = {isa = PBXFileReference; lastKnownFileType = text.plist.strings; name = en; path = en.lproj/InfoPlist.strings; sourceTree = "<group>"; };
		694D1A9B198DEF3400F80796 /* main.m */ = {isa = PBXFileReference; lastKnownFileType = sourcecode.c.objc; path = main.m; sourceTree = "<group>"; };
		694D1A9D198DEF3400F80796 /* myInfo-Prefix.pch */ = {isa = PBXFileReference; lastKnownFileType = sourcecode.c.h; path = "myInfo-Prefix.pch"; sourceTree = "<group>"; };
		694D1A9E198DEF3400F80796 /* AppDelegate.h */ = {isa = PBXFileReference; lastKnownFileType = sourcecode.c.h; path = AppDelegate.h; sourceTree = "<group>"; };
		694D1A9F198DEF3400F80796 /* AppDelegate.m */ = {isa = PBXFileReference; lastKnownFileType = sourcecode.c.objc; path = AppDelegate.m; sourceTree = "<group>"; };
		694D1AA7198DEF3400F80796 /* Images.xcassets */ = {isa = PBXFileReference; lastKnownFileType = folder.assetcatalog; path = Images.xcassets; sourceTree = "<group>"; };
		694D1AD3198DF27300F80796 /* TabBarViewController.h */ = {isa = PBXFileReference; fileEncoding = 4; lastKnownFileType = sourcecode.c.h; path = TabBarViewController.h; sourceTree = "<group>"; };
		694D1AD4198DF27300F80796 /* TabBarViewController.m */ = {isa = PBXFileReference; fileEncoding = 4; lastKnownFileType = sourcecode.c.objc; path = TabBarViewController.m; sourceTree = "<group>"; };
		695137A319C0BD9B0001DF89 /* SDURLCache.h */ = {isa = PBXFileReference; fileEncoding = 4; lastKnownFileType = sourcecode.c.h; path = SDURLCache.h; sourceTree = "<group>"; };
		695137A419C0BD9B0001DF89 /* SDURLCache.m */ = {isa = PBXFileReference; fileEncoding = 4; lastKnownFileType = sourcecode.c.objc; path = SDURLCache.m; sourceTree = "<group>"; };
		69841D0D199CE5C800D3C9A7 /* JSTableView.h */ = {isa = PBXFileReference; fileEncoding = 4; lastKnownFileType = sourcecode.c.h; path = JSTableView.h; sourceTree = "<group>"; };
		69841D0E199CE5C800D3C9A7 /* JSTableView.m */ = {isa = PBXFileReference; fileEncoding = 4; lastKnownFileType = sourcecode.c.objc; path = JSTableView.m; sourceTree = "<group>"; };
		699B184019BAE39600941AF4 /* SearchItem.h */ = {isa = PBXFileReference; fileEncoding = 4; lastKnownFileType = sourcecode.c.h; path = SearchItem.h; sourceTree = "<group>"; };
		699B184119BAE39600941AF4 /* SearchItem.m */ = {isa = PBXFileReference; fileEncoding = 4; lastKnownFileType = sourcecode.c.objc; path = SearchItem.m; sourceTree = "<group>"; };
		699B184319BAE87100941AF4 /* DetialViewController.xib */ = {isa = PBXFileReference; fileEncoding = 4; lastKnownFileType = file.xib; path = DetialViewController.xib; sourceTree = "<group>"; };
		699B184519BAEB5600941AF4 /* BlogsDetialItem.h */ = {isa = PBXFileReference; fileEncoding = 4; lastKnownFileType = sourcecode.c.h; path = BlogsDetialItem.h; sourceTree = "<group>"; };
		699B184619BAEB5600941AF4 /* BlogsDetialItem.m */ = {isa = PBXFileReference; fileEncoding = 4; lastKnownFileType = sourcecode.c.objc; path = BlogsDetialItem.m; sourceTree = "<group>"; };
		699B184819BAEB7D00941AF4 /* NewsDetialItem.h */ = {isa = PBXFileReference; fileEncoding = 4; lastKnownFileType = sourcecode.c.h; path = NewsDetialItem.h; sourceTree = "<group>"; };
		699B184919BAEB7D00941AF4 /* NewsDetialItem.m */ = {isa = PBXFileReference; fileEncoding = 4; lastKnownFileType = sourcecode.c.objc; path = NewsDetialItem.m; sourceTree = "<group>"; };
		699B184E19BAF40600941AF4 /* SimpleWebViewController.h */ = {isa = PBXFileReference; fileEncoding = 4; lastKnownFileType = sourcecode.c.h; path = SimpleWebViewController.h; sourceTree = "<group>"; };
		699B184F19BAF40600941AF4 /* SimpleWebViewController.m */ = {isa = PBXFileReference; fileEncoding = 4; lastKnownFileType = sourcecode.c.objc; path = SimpleWebViewController.m; sourceTree = "<group>"; };
		699B185019BAF40600941AF4 /* SimpleWebViewController.xib */ = {isa = PBXFileReference; fileEncoding = 4; lastKnownFileType = file.xib; path = SimpleWebViewController.xib; sourceTree = "<group>"; };
		699B185319BAF50E00941AF4 /* UINavigationItem+Unitl.h */ = {isa = PBXFileReference; fileEncoding = 4; lastKnownFileType = sourcecode.c.h; path = "UINavigationItem+Unitl.h"; sourceTree = "<group>"; };
		699B185419BAF50E00941AF4 /* UINavigationItem+Unitl.m */ = {isa = PBXFileReference; fileEncoding = 4; lastKnownFileType = sourcecode.c.objc; path = "UINavigationItem+Unitl.m"; sourceTree = "<group>"; };
		69CD383D199BB4B200ED6743 /* NewViewController.xib */ = {isa = PBXFileReference; fileEncoding = 4; lastKnownFileType = file.xib; path = NewViewController.xib; sourceTree = "<group>"; };
		69CD3880199BB88A00ED6743 /* Reachability.h */ = {isa = PBXFileReference; fileEncoding = 4; lastKnownFileType = sourcecode.c.h; path = Reachability.h; sourceTree = "<group>"; };
		69CD3881199BB88A00ED6743 /* Reachability.m */ = {isa = PBXFileReference; fileEncoding = 4; lastKnownFileType = sourcecode.c.objc; path = Reachability.m; sourceTree = "<group>"; };
		69CD3888199BB8D000ED6743 /* JSNetworkEngine.h */ = {isa = PBXFileReference; fileEncoding = 4; lastKnownFileType = sourcecode.c.h; path = JSNetworkEngine.h; sourceTree = "<group>"; };
		69CD3889199BB8D000ED6743 /* JSNetworkEngine.m */ = {isa = PBXFileReference; fileEncoding = 4; lastKnownFileType = sourcecode.c.objc; path = JSNetworkEngine.m; sourceTree = "<group>"; };
		69CD388A199BB8D000ED6743 /* JSNetworkEngine_close_button.png */ = {isa = PBXFileReference; lastKnownFileType = image.png; path = JSNetworkEngine_close_button.png; sourceTree = "<group>"; };
		69CD388B199BB8D000ED6743 /* JSNetworkEngine_close_button@2x.png */ = {isa = PBXFileReference; lastKnownFileType = image.png; path = "JSNetworkEngine_close_button@2x.png"; sourceTree = "<group>"; };
		69CD388C199BB8D000ED6743 /* MTAnimatedLabel.h */ = {isa = PBXFileReference; fileEncoding = 4; lastKnownFileType = sourcecode.c.h; path = MTAnimatedLabel.h; sourceTree = "<group>"; };
		69CD388D199BB8D000ED6743 /* MTAnimatedLabel.m */ = {isa = PBXFileReference; fileEncoding = 4; lastKnownFileType = sourcecode.c.objc; path = MTAnimatedLabel.m; sourceTree = "<group>"; };
		69CD3893199BC31600ED6743 /* NewsItem.h */ = {isa = PBXFileReference; fileEncoding = 4; lastKnownFileType = sourcecode.c.h; path = NewsItem.h; sourceTree = "<group>"; };
		69CD3894199BC31600ED6743 /* NewsItem.m */ = {isa = PBXFileReference; fileEncoding = 4; lastKnownFileType = sourcecode.c.objc; path = NewsItem.m; sourceTree = "<group>"; };
		AEC2590AF622422EC8566F83 /* libPods-myInfo.a */ = {isa = PBXFileReference; explicitFileType = archive.ar; includeInIndex = 0; path = "libPods-myInfo.a"; sourceTree = BUILT_PRODUCTS_DIR; };
		B5143D9A1F28A1EF00063C68 /* GDTMobBannerView.h */ = {isa = PBXFileReference; fileEncoding = 4; lastKnownFileType = sourcecode.c.h; path = GDTMobBannerView.h; sourceTree = "<group>"; };
		B5143D9B1F28A1EF00063C68 /* GDTMobInterstitial.h */ = {isa = PBXFileReference; fileEncoding = 4; lastKnownFileType = sourcecode.c.h; path = GDTMobInterstitial.h; sourceTree = "<group>"; };
		B5143D9C1F28A1EF00063C68 /* GDTNativeAd.h */ = {isa = PBXFileReference; fileEncoding = 4; lastKnownFileType = sourcecode.c.h; path = GDTNativeAd.h; sourceTree = "<group>"; };
		B5143D9D1F28A1EF00063C68 /* GDTNativeExpressAd.h */ = {isa = PBXFileReference; fileEncoding = 4; lastKnownFileType = sourcecode.c.h; path = GDTNativeExpressAd.h; sourceTree = "<group>"; };
		B5143D9E1F28A1EF00063C68 /* GDTNativeExpressAdView.h */ = {isa = PBXFileReference; fileEncoding = 4; lastKnownFileType = sourcecode.c.h; path = GDTNativeExpressAdView.h; sourceTree = "<group>"; };
		B5143D9F1F28A1EF00063C68 /* GDTSplashAd.h */ = {isa = PBXFileReference; fileEncoding = 4; lastKnownFileType = sourcecode.c.h; path = GDTSplashAd.h; sourceTree = "<group>"; };
		B5143DA01F28A1EF00063C68 /* GDTTrack.h */ = {isa = PBXFileReference; fileEncoding = 4; lastKnownFileType = sourcecode.c.h; path = GDTTrack.h; sourceTree = "<group>"; };
		B5143DA11F28A1EF00063C68 /* libGDTMobSDK.a */ = {isa = PBXFileReference; lastKnownFileType = archive.ar; path = libGDTMobSDK.a; sourceTree = "<group>"; };
		B597FF4D1F356CC30089580B /* libsqlite3.tbd */ = {isa = PBXFileReference; lastKnownFileType = "sourcecode.text-based-dylib-definition"; name = libsqlite3.tbd; path = usr/lib/libsqlite3.tbd; sourceTree = SDKROOT; };
		B597FF511F356D0B0089580B /* libstdc++.tbd */ = {isa = PBXFileReference; lastKnownFileType = "sourcecode.text-based-dylib-definition"; name = "libstdc++.tbd"; path = "usr/lib/libstdc++.tbd"; sourceTree = SDKROOT; };
		B597FF531F356D1B0089580B /* libxml2.tbd */ = {isa = PBXFileReference; lastKnownFileType = "sourcecode.text-based-dylib-definition"; name = libxml2.tbd; path = usr/lib/libxml2.tbd; sourceTree = SDKROOT; };
		B597FF6E1F3574960089580B /* UITableView+Unitl.h */ = {isa = PBXFileReference; fileEncoding = 4; lastKnownFileType = sourcecode.c.h; path = "UITableView+Unitl.h"; sourceTree = "<group>"; };
		B597FF6F1F3574960089580B /* UITableView+Unitl.m */ = {isa = PBXFileReference; fileEncoding = 4; lastKnownFileType = sourcecode.c.objc; path = "UITableView+Unitl.m"; sourceTree = "<group>"; };
		D30CBC6719C13F8F009B7B72 /* JSCache.h */ = {isa = PBXFileReference; fileEncoding = 4; lastKnownFileType = sourcecode.c.h; path = JSCache.h; sourceTree = "<group>"; };
		D30CBC6819C13F8F009B7B72 /* JSCache.m */ = {isa = PBXFileReference; fileEncoding = 4; lastKnownFileType = sourcecode.c.objc; path = JSCache.m; sourceTree = "<group>"; };
		D30CBCBA19C1987B009B7B72 /* MessageUI.framework */ = {isa = PBXFileReference; lastKnownFileType = wrapper.framework; name = MessageUI.framework; path = System/Library/Frameworks/MessageUI.framework; sourceTree = SDKROOT; };
		D312B61E19B86FA20050B755 /* BlogsItem.h */ = {isa = PBXFileReference; fileEncoding = 4; lastKnownFileType = sourcecode.c.h; path = BlogsItem.h; sourceTree = "<group>"; };
		D312B61F19B86FA20050B755 /* BlogsItem.m */ = {isa = PBXFileReference; fileEncoding = 4; lastKnownFileType = sourcecode.c.objc; path = BlogsItem.m; sourceTree = "<group>"; };
		D312B62019B86FA20050B755 /* CnblogArticlesItem.h */ = {isa = PBXFileReference; fileEncoding = 4; lastKnownFileType = sourcecode.c.h; path = CnblogArticlesItem.h; sourceTree = "<group>"; };
		D312B62119B86FA20050B755 /* CnblogArticlesItem.m */ = {isa = PBXFileReference; fileEncoding = 4; lastKnownFileType = sourcecode.c.objc; path = CnblogArticlesItem.m; sourceTree = "<group>"; };
		D32F3C9219BF0CC900B65444 /* CustomViewController.h */ = {isa = PBXFileReference; fileEncoding = 4; lastKnownFileType = sourcecode.c.h; path = CustomViewController.h; sourceTree = "<group>"; };
		D32F3C9319BF0CC900B65444 /* CustomViewController.m */ = {isa = PBXFileReference; fileEncoding = 4; lastKnownFileType = sourcecode.c.objc; path = CustomViewController.m; sourceTree = "<group>"; };
		D32F3C9419BF0CC900B65444 /* CustomViewController.xib */ = {isa = PBXFileReference; fileEncoding = 4; lastKnownFileType = file.xib; path = CustomViewController.xib; sourceTree = "<group>"; };
		D3606FC819BEC9F40000F2FB /* CnblogNewsDetialItem.h */ = {isa = PBXFileReference; fileEncoding = 4; lastKnownFileType = sourcecode.c.h; path = CnblogNewsDetialItem.h; sourceTree = "<group>"; };
		D3606FC919BEC9F40000F2FB /* CnblogNewsDetialItem.m */ = {isa = PBXFileReference; fileEncoding = 4; lastKnownFileType = sourcecode.c.objc; path = CnblogNewsDetialItem.m; sourceTree = "<group>"; };
		D3606FD019BED21A0000F2FB /* CnblogCommentItem.h */ = {isa = PBXFileReference; fileEncoding = 4; lastKnownFileType = sourcecode.c.h; path = CnblogCommentItem.h; sourceTree = "<group>"; };
		D3606FD119BED21A0000F2FB /* CnblogCommentItem.m */ = {isa = PBXFileReference; fileEncoding = 4; lastKnownFileType = sourcecode.c.objc; path = CnblogCommentItem.m; sourceTree = "<group>"; };
		D3606FD219BED21A0000F2FB /* CommentsItem.h */ = {isa = PBXFileReference; fileEncoding = 4; lastKnownFileType = sourcecode.c.h; path = CommentsItem.h; sourceTree = "<group>"; };
		D3606FD319BED21A0000F2FB /* CommentsItem.m */ = {isa = PBXFileReference; fileEncoding = 4; lastKnownFileType = sourcecode.c.objc; path = CommentsItem.m; sourceTree = "<group>"; };
		D3606FD719BED2BD0000F2FB /* CnblogCommentCell.h */ = {isa = PBXFileReference; fileEncoding = 4; lastKnownFileType = sourcecode.c.h; path = CnblogCommentCell.h; sourceTree = "<group>"; };
		D3606FD819BED2BD0000F2FB /* CnblogCommentCell.m */ = {isa = PBXFileReference; fileEncoding = 4; lastKnownFileType = sourcecode.c.objc; path = CnblogCommentCell.m; sourceTree = "<group>"; };
		D3606FD919BED2BD0000F2FB /* CnblogCommentCell.xib */ = {isa = PBXFileReference; fileEncoding = 4; lastKnownFileType = file.xib; path = CnblogCommentCell.xib; sourceTree = "<group>"; };
		D3606FDA19BED2BD0000F2FB /* CommentsCell.h */ = {isa = PBXFileReference; fileEncoding = 4; lastKnownFileType = sourcecode.c.h; path = CommentsCell.h; sourceTree = "<group>"; };
		D3606FDB19BED2BD0000F2FB /* CommentsCell.m */ = {isa = PBXFileReference; fileEncoding = 4; lastKnownFileType = sourcecode.c.objc; path = CommentsCell.m; sourceTree = "<group>"; };
		D3606FDC19BED2BD0000F2FB /* CommentsCell.xib */ = {isa = PBXFileReference; fileEncoding = 4; lastKnownFileType = file.xib; path = CommentsCell.xib; sourceTree = "<group>"; };
		D3606FDD19BED2BD0000F2FB /* CommentsWithReferCell.h */ = {isa = PBXFileReference; fileEncoding = 4; lastKnownFileType = sourcecode.c.h; path = CommentsWithReferCell.h; sourceTree = "<group>"; };
		D3606FDE19BED2BD0000F2FB /* CommentsWithReferCell.m */ = {isa = PBXFileReference; fileEncoding = 4; lastKnownFileType = sourcecode.c.objc; path = CommentsWithReferCell.m; sourceTree = "<group>"; };
		D3606FDF19BED2BD0000F2FB /* CommentsWithReferCell.xib */ = {isa = PBXFileReference; fileEncoding = 4; lastKnownFileType = file.xib; path = CommentsWithReferCell.xib; sourceTree = "<group>"; };
		ED77C341E358E6E0FA5E4CA6 /* Pods-myInfo.debug.xcconfig */ = {isa = PBXFileReference; includeInIndex = 1; lastKnownFileType = text.xcconfig; name = "Pods-myInfo.debug.xcconfig"; path = "Pods/Target Support Files/Pods-myInfo/Pods-myInfo.debug.xcconfig"; sourceTree = "<group>"; };
/* End PBXFileReference section */

/* Begin PBXFrameworksBuildPhase section */
		694D1A89198DEF3400F80796 /* Frameworks */ = {
			isa = PBXFrameworksBuildPhase;
			buildActionMask = 2147483647;
			files = (
				B597FF541F356D1B0089580B /* libxml2.tbd in Frameworks */,
				B597FF521F356D0B0089580B /* libstdc++.tbd in Frameworks */,
				B597FF4E1F356CC30089580B /* libsqlite3.tbd in Frameworks */,
				692CE3B219C1F63200E5E161 /* StoreKit.framework in Frameworks */,
				692CE3B119C1F62B00E5E161 /* CoreTelephony.framework in Frameworks */,
				692CE3AF19C1F62300E5E161 /* CoreLocation.framework in Frameworks */,
				692CE3AD19C1F61B00E5E161 /* AdSupport.framework in Frameworks */,
				D30CBCBB19C1987B009B7B72 /* MessageUI.framework in Frameworks */,
				694D1A92198DEF3400F80796 /* CoreGraphics.framework in Frameworks */,
				B5143DA21F28A1EF00063C68 /* libGDTMobSDK.a in Frameworks */,
				694D1A94198DEF3400F80796 /* UIKit.framework in Frameworks */,
				694D1A90198DEF3400F80796 /* Foundation.framework in Frameworks */,
				6510ABE2AF498151C1DEAB30 /* libPods-myInfo.a in Frameworks */,
			);
			runOnlyForDeploymentPostprocessing = 0;
		};
/* End PBXFrameworksBuildPhase section */

/* Begin PBXGroup section */
		643D2EC6B82073ED84D8F751 /* Pods */ = {
			isa = PBXGroup;
			children = (
				ED77C341E358E6E0FA5E4CA6 /* Pods-myInfo.debug.xcconfig */,
				1C4C58753CFF68E053F2C94D /* Pods-myInfo.release.xcconfig */,
			);
			name = Pods;
			sourceTree = "<group>";
		};
		69075EA6199560DC008DEF88 /* Models */ = {
			isa = PBXGroup;
			children = (
				B5143D991F28A1EF00063C68 /* GDTMob */,
				69CD387F199BB88A00ED6743 /* Networking */,
				69075EA7199560DC008DEF88 /* UINavigationController+JS.h */,
				69075EA8199560DC008DEF88 /* UINavigationController+JS.m */,
				B597FF6E1F3574960089580B /* UITableView+Unitl.h */,
				B597FF6F1F3574960089580B /* UITableView+Unitl.m */,
				699B185319BAF50E00941AF4 /* UINavigationItem+Unitl.h */,
				699B185419BAF50E00941AF4 /* UINavigationItem+Unitl.m */,
				69841D0D199CE5C800D3C9A7 /* JSTableView.h */,
				69841D0E199CE5C800D3C9A7 /* JSTableView.m */,
				69075EAA19956116008DEF88 /* Unity.h */,
				69075EAB19956116008DEF88 /* Unity.m */,
			);
			path = Models;
			sourceTree = "<group>";
		};
		6943D5D4199672C3008828F4 /* Viewcontrollers */ = {
			isa = PBXGroup;
			children = (
				6943D5E3199672C3008828F4 /* 新闻 */,
				6943D5D5199672C3008828F4 /* 内容 */,
				6943D5DB199672C3008828F4 /* 搜索 */,
				6943D5DF199672C3008828F4 /* 收藏 */,
				6943D5E9199672C3008828F4 /* 设置 */,
			);
			path = Viewcontrollers;
			sourceTree = "<group>";
		};
		6943D5D5199672C3008828F4 /* 内容 */ = {
			isa = PBXGroup;
			children = (
				6943D5D6199672C3008828F4 /* DetialViewController.h */,
				6943D5D7199672C3008828F4 /* DetialViewController.m */,
				699B184319BAE87100941AF4 /* DetialViewController.xib */,
				699B184E19BAF40600941AF4 /* SimpleWebViewController.h */,
				699B184F19BAF40600941AF4 /* SimpleWebViewController.m */,
				699B185019BAF40600941AF4 /* SimpleWebViewController.xib */,
			);
			path = "内容";
			sourceTree = "<group>";
		};
		6943D5DB199672C3008828F4 /* 搜索 */ = {
			isa = PBXGroup;
			children = (
				6943D5DC199672C3008828F4 /* SearchViewController.h */,
				6943D5DD199672C3008828F4 /* SearchViewController.m */,
				6943D5DE199672C3008828F4 /* SearchViewController.xib */,
				D32F3C9219BF0CC900B65444 /* CustomViewController.h */,
				D32F3C9319BF0CC900B65444 /* CustomViewController.m */,
				D32F3C9419BF0CC900B65444 /* CustomViewController.xib */,
			);
			path = "搜索";
			sourceTree = "<group>";
		};
		6943D5DF199672C3008828F4 /* 收藏 */ = {
			isa = PBXGroup;
			children = (
				6943D5E0199672C3008828F4 /* CollectionViewController.h */,
				6943D5E1199672C3008828F4 /* CollectionViewController.m */,
				6943D5E2199672C3008828F4 /* CollectionViewController.xib */,
			);
			path = "收藏";
			sourceTree = "<group>";
		};
		6943D5E3199672C3008828F4 /* 新闻 */ = {
			isa = PBXGroup;
			children = (
				6943D5E4199672C3008828F4 /* NewViewController.h */,
				6943D5E5199672C3008828F4 /* NewViewController.m */,
				69CD383D199BB4B200ED6743 /* NewViewController.xib */,
			);
			path = "新闻";
			sourceTree = "<group>";
		};
		6943D5E9199672C3008828F4 /* 设置 */ = {
			isa = PBXGroup;
			children = (
				6943D5EA199672C3008828F4 /* SetViewController.h */,
				6943D5EB199672C3008828F4 /* SetViewController.m */,
				6943D5EC199672C3008828F4 /* SetViewController.xib */,
			);
			path = "设置";
			sourceTree = "<group>";
		};
		694D1A83198DEF3400F80796 = {
			isa = PBXGroup;
			children = (
				694D1A95198DEF3400F80796 /* myInfo */,
				694D1A8E198DEF3400F80796 /* Frameworks */,
				694D1A8D198DEF3400F80796 /* Products */,
				643D2EC6B82073ED84D8F751 /* Pods */,
			);
			sourceTree = "<group>";
		};
		694D1A8D198DEF3400F80796 /* Products */ = {
			isa = PBXGroup;
			children = (
				694D1A8C198DEF3400F80796 /* myInfo.app */,
			);
			name = Products;
			sourceTree = "<group>";
		};
		694D1A8E198DEF3400F80796 /* Frameworks */ = {
			isa = PBXGroup;
			children = (
				B597FF531F356D1B0089580B /* libxml2.tbd */,
				B597FF511F356D0B0089580B /* libstdc++.tbd */,
				B597FF4D1F356CC30089580B /* libsqlite3.tbd */,
				692CE3B019C1F62B00E5E161 /* CoreTelephony.framework */,
				692CE3AE19C1F62300E5E161 /* CoreLocation.framework */,
				692CE3AC19C1F61B00E5E161 /* AdSupport.framework */,
				692CE3A519C1E75100E5E161 /* Social.framework */,
				692CE3A119C1E72600E5E161 /* Security.framework */,
				692CE39F19C1E71800E5E161 /* StoreKit.framework */,
				692CE39D19C1E70F00E5E161 /* PassKit.framework */,
				692CE39B19C1E70700E5E161 /* MediaPlayer.framework */,
				692CE39919C1E6F100E5E161 /* EventKit.framework */,
				D30CBCBA19C1987B009B7B72 /* MessageUI.framework */,
				6943D63219967527008828F4 /* MobileCoreServices.framework */,
				6943D63019967518008828F4 /* SystemConfiguration.framework */,
				694D1A8F198DEF3400F80796 /* Foundation.framework */,
				694D1A91198DEF3400F80796 /* CoreGraphics.framework */,
				694D1A93198DEF3400F80796 /* UIKit.framework */,
				AEC2590AF622422EC8566F83 /* libPods-myInfo.a */,
			);
			name = Frameworks;
			sourceTree = "<group>";
		};
		694D1A95198DEF3400F80796 /* myInfo */ = {
			isa = PBXGroup;
			children = (
				69075EA6199560DC008DEF88 /* Models */,
				694D1A9E198DEF3400F80796 /* AppDelegate.h */,
				694D1A9F198DEF3400F80796 /* AppDelegate.m */,
				694D1AD3198DF27300F80796 /* TabBarViewController.h */,
				694D1AD4198DF27300F80796 /* TabBarViewController.m */,
				69A567B01997D235002C5858 /* Objects */,
				69A567B11997D235002C5858 /* Views */,
				6943D5D4199672C3008828F4 /* Viewcontrollers */,
				694D1AA7198DEF3400F80796 /* Images.xcassets */,
				694D1A96198DEF3400F80796 /* Supporting Files */,
			);
			path = myInfo;
			sourceTree = "<group>";
		};
		694D1A96198DEF3400F80796 /* Supporting Files */ = {
			isa = PBXGroup;
			children = (
				694D1A97198DEF3400F80796 /* myInfo-Info.plist */,
				694D1A98198DEF3400F80796 /* InfoPlist.strings */,
				694D1A9B198DEF3400F80796 /* main.m */,
				694D1A9D198DEF3400F80796 /* myInfo-Prefix.pch */,
			);
			name = "Supporting Files";
			sourceTree = "<group>";
		};
		695137A219C0BD9B0001DF89 /* SDURLCache */ = {
			isa = PBXGroup;
			children = (
				695137A319C0BD9B0001DF89 /* SDURLCache.h */,
				695137A419C0BD9B0001DF89 /* SDURLCache.m */,
			);
			path = SDURLCache;
			sourceTree = "<group>";
		};
		69A567B01997D235002C5858 /* Objects */ = {
			isa = PBXGroup;
			children = (
				D3606FCF19BED21A0000F2FB /* 评论 */,
				D312B61D19B86FA20050B755 /* 博客 */,
				69CD3892199BC30100ED6743 /* 新闻 */,
				69A567B21997D262002C5858 /* 搜索 */,
			);
			path = Objects;
			sourceTree = "<group>";
		};
		69A567B11997D235002C5858 /* Views */ = {
			isa = PBXGroup;
			children = (
				D3606FD619BED2BD0000F2FB /* 评论 */,
			);
			path = Views;
			sourceTree = "<group>";
		};
		69A567B21997D262002C5858 /* 搜索 */ = {
			isa = PBXGroup;
			children = (
				699B184019BAE39600941AF4 /* SearchItem.h */,
				699B184119BAE39600941AF4 /* SearchItem.m */,
			);
			path = "搜索";
			sourceTree = "<group>";
		};
		69CD387F199BB88A00ED6743 /* Networking */ = {
			isa = PBXGroup;
			children = (
				69CD3880199BB88A00ED6743 /* Reachability.h */,
				69CD3881199BB88A00ED6743 /* Reachability.m */,
				D30CBC6619C13F8F009B7B72 /* JSCache */,
				695137A219C0BD9B0001DF89 /* SDURLCache */,
				69CD3887199BB8D000ED6743 /* JSNetworkEngine */,
			);
			path = Networking;
			sourceTree = "<group>";
		};
		69CD3887199BB8D000ED6743 /* JSNetworkEngine */ = {
			isa = PBXGroup;
			children = (
				69CD3888199BB8D000ED6743 /* JSNetworkEngine.h */,
				69CD3889199BB8D000ED6743 /* JSNetworkEngine.m */,
				69CD388A199BB8D000ED6743 /* JSNetworkEngine_close_button.png */,
				69CD388B199BB8D000ED6743 /* JSNetworkEngine_close_button@2x.png */,
				69CD388C199BB8D000ED6743 /* MTAnimatedLabel.h */,
				69CD388D199BB8D000ED6743 /* MTAnimatedLabel.m */,
			);
			path = JSNetworkEngine;
			sourceTree = "<group>";
		};
		69CD3892199BC30100ED6743 /* 新闻 */ = {
			isa = PBXGroup;
			children = (
				69CD3893199BC31600ED6743 /* NewsItem.h */,
				69CD3894199BC31600ED6743 /* NewsItem.m */,
				699B184819BAEB7D00941AF4 /* NewsDetialItem.h */,
				699B184919BAEB7D00941AF4 /* NewsDetialItem.m */,
				6914BA31199BC42E006B3BE7 /* CnblogNewsItem.h */,
				6914BA32199BC42E006B3BE7 /* CnblogNewsItem.m */,
				D3606FC819BEC9F40000F2FB /* CnblogNewsDetialItem.h */,
				D3606FC919BEC9F40000F2FB /* CnblogNewsDetialItem.m */,
			);
			path = "新闻";
			sourceTree = "<group>";
		};
		B5143D991F28A1EF00063C68 /* GDTMob */ = {
			isa = PBXGroup;
			children = (
				B5143D9A1F28A1EF00063C68 /* GDTMobBannerView.h */,
				B5143D9B1F28A1EF00063C68 /* GDTMobInterstitial.h */,
				B5143D9C1F28A1EF00063C68 /* GDTNativeAd.h */,
				B5143D9D1F28A1EF00063C68 /* GDTNativeExpressAd.h */,
				B5143D9E1F28A1EF00063C68 /* GDTNativeExpressAdView.h */,
				B5143D9F1F28A1EF00063C68 /* GDTSplashAd.h */,
				B5143DA01F28A1EF00063C68 /* GDTTrack.h */,
				B5143DA11F28A1EF00063C68 /* libGDTMobSDK.a */,
			);
			path = GDTMob;
			sourceTree = "<group>";
		};
		D30CBC6619C13F8F009B7B72 /* JSCache */ = {
			isa = PBXGroup;
			children = (
				D30CBC6719C13F8F009B7B72 /* JSCache.h */,
				D30CBC6819C13F8F009B7B72 /* JSCache.m */,
			);
			path = JSCache;
			sourceTree = "<group>";
		};
		D312B61D19B86FA20050B755 /* 博客 */ = {
			isa = PBXGroup;
			children = (
				D312B61E19B86FA20050B755 /* BlogsItem.h */,
				D312B61F19B86FA20050B755 /* BlogsItem.m */,
				D312B62019B86FA20050B755 /* CnblogArticlesItem.h */,
				D312B62119B86FA20050B755 /* CnblogArticlesItem.m */,
				699B184519BAEB5600941AF4 /* BlogsDetialItem.h */,
				699B184619BAEB5600941AF4 /* BlogsDetialItem.m */,
			);
			path = "博客";
			sourceTree = "<group>";
		};
		D3606FCF19BED21A0000F2FB /* 评论 */ = {
			isa = PBXGroup;
			children = (
				D3606FD019BED21A0000F2FB /* CnblogCommentItem.h */,
				D3606FD119BED21A0000F2FB /* CnblogCommentItem.m */,
				D3606FD219BED21A0000F2FB /* CommentsItem.h */,
				D3606FD319BED21A0000F2FB /* CommentsItem.m */,
			);
			path = "评论";
			sourceTree = "<group>";
		};
		D3606FD619BED2BD0000F2FB /* 评论 */ = {
			isa = PBXGroup;
			children = (
				D3606FD719BED2BD0000F2FB /* CnblogCommentCell.h */,
				D3606FD819BED2BD0000F2FB /* CnblogCommentCell.m */,
				D3606FD919BED2BD0000F2FB /* CnblogCommentCell.xib */,
				D3606FDA19BED2BD0000F2FB /* CommentsCell.h */,
				D3606FDB19BED2BD0000F2FB /* CommentsCell.m */,
				D3606FDC19BED2BD0000F2FB /* CommentsCell.xib */,
				D3606FDD19BED2BD0000F2FB /* CommentsWithReferCell.h */,
				D3606FDE19BED2BD0000F2FB /* CommentsWithReferCell.m */,
				D3606FDF19BED2BD0000F2FB /* CommentsWithReferCell.xib */,
			);
			path = "评论";
			sourceTree = "<group>";
		};
/* End PBXGroup section */

/* Begin PBXNativeTarget section */
		694D1A8B198DEF3400F80796 /* myInfo */ = {
			isa = PBXNativeTarget;
			buildConfigurationList = 694D1ABE198DEF3400F80796 /* Build configuration list for PBXNativeTarget "myInfo" */;
			buildPhases = (
				3FD6127219606F837E48EFCA /* [CP] Check Pods Manifest.lock */,
				694D1A88198DEF3400F80796 /* Sources */,
				694D1A89198DEF3400F80796 /* Frameworks */,
				694D1A8A198DEF3400F80796 /* Resources */,
				E78C6AFB4FAECAFEDD648DC3 /* [CP] Embed Pods Frameworks */,
				48F2FD38E2D708DEDB720F2E /* [CP] Copy Pods Resources */,
			);
			buildRules = (
			);
			dependencies = (
			);
			name = myInfo;
			productName = myInfo;
			productReference = 694D1A8C198DEF3400F80796 /* myInfo.app */;
			productType = "com.apple.product-type.application";
		};
/* End PBXNativeTarget section */

/* Begin PBXProject section */
		694D1A84198DEF3400F80796 /* Project object */ = {
			isa = PBXProject;
			attributes = {
				LastUpgradeCheck = 0830;
				ORGANIZATIONNAME = "Sam Cooper Studio";
				TargetAttributes = {
					694D1A8B198DEF3400F80796 = {
						DevelopmentTeam = YEY5X4M2R7;
					};
				};
			};
			buildConfigurationList = 694D1A87198DEF3400F80796 /* Build configuration list for PBXProject "myInfo" */;
			compatibilityVersion = "Xcode 3.2";
			developmentRegion = English;
			hasScannedForEncodings = 0;
			knownRegions = (
				en,
				Base,
				"zh-Hans",
			);
			mainGroup = 694D1A83198DEF3400F80796;
			productRefGroup = 694D1A8D198DEF3400F80796 /* Products */;
			projectDirPath = "";
			projectRoot = "";
			targets = (
				694D1A8B198DEF3400F80796 /* myInfo */,
			);
		};
/* End PBXProject section */

/* Begin PBXResourcesBuildPhase section */
		694D1A8A198DEF3400F80796 /* Resources */ = {
			isa = PBXResourcesBuildPhase;
			buildActionMask = 2147483647;
			files = (
				D3606FE519BED2BD0000F2FB /* CommentsWithReferCell.xib in Resources */,
				6943D5F0199672C3008828F4 /* SearchViewController.xib in Resources */,
				699B185219BAF40600941AF4 /* SimpleWebViewController.xib in Resources */,
				69CD3890199BB8D000ED6743 /* JSNetworkEngine_close_button@2x.png in Resources */,
				694D1AA8198DEF3400F80796 /* Images.xcassets in Resources */,
				6943D5F6199672C3008828F4 /* SetViewController.xib in Resources */,
				6943D5F2199672C3008828F4 /* CollectionViewController.xib in Resources */,
				699B184419BAE87100941AF4 /* DetialViewController.xib in Resources */,
				694D1A9A198DEF3400F80796 /* InfoPlist.strings in Resources */,
				69CD388F199BB8D000ED6743 /* JSNetworkEngine_close_button.png in Resources */,
				D3606FE119BED2BD0000F2FB /* CnblogCommentCell.xib in Resources */,
				69CD383E199BB4B200ED6743 /* NewViewController.xib in Resources */,
				D32F3C9619BF0CC900B65444 /* CustomViewController.xib in Resources */,
				D3606FE319BED2BD0000F2FB /* CommentsCell.xib in Resources */,
			);
			runOnlyForDeploymentPostprocessing = 0;
		};
/* End PBXResourcesBuildPhase section */

/* Begin PBXShellScriptBuildPhase section */
		3FD6127219606F837E48EFCA /* [CP] Check Pods Manifest.lock */ = {
			isa = PBXShellScriptBuildPhase;
			buildActionMask = 2147483647;
			files = (
			);
			inputPaths = (
			);
			name = "[CP] Check Pods Manifest.lock";
			outputPaths = (
			);
			runOnlyForDeploymentPostprocessing = 0;
			shellPath = /bin/sh;
			shellScript = "diff \"${PODS_ROOT}/../Podfile.lock\" \"${PODS_ROOT}/Manifest.lock\" > /dev/null\nif [ $? != 0 ] ; then\n    # print error to STDERR\n    echo \"error: The sandbox is not in sync with the Podfile.lock. Run 'pod install' or update your CocoaPods installation.\" >&2\n    exit 1\nfi\n";
			showEnvVarsInLog = 0;
		};
		48F2FD38E2D708DEDB720F2E /* [CP] Copy Pods Resources */ = {
			isa = PBXShellScriptBuildPhase;
			buildActionMask = 2147483647;
			files = (
			);
			inputPaths = (
			);
			name = "[CP] Copy Pods Resources";
			outputPaths = (
			);
			runOnlyForDeploymentPostprocessing = 0;
			shellPath = /bin/sh;
			shellScript = "\"${SRCROOT}/Pods/Target Support Files/Pods-myInfo/Pods-myInfo-resources.sh\"\n";
			showEnvVarsInLog = 0;
		};
		E78C6AFB4FAECAFEDD648DC3 /* [CP] Embed Pods Frameworks */ = {
			isa = PBXShellScriptBuildPhase;
			buildActionMask = 2147483647;
			files = (
			);
			inputPaths = (
			);
			name = "[CP] Embed Pods Frameworks";
			outputPaths = (
			);
			runOnlyForDeploymentPostprocessing = 0;
			shellPath = /bin/sh;
			shellScript = "\"${SRCROOT}/Pods/Target Support Files/Pods-myInfo/Pods-myInfo-frameworks.sh\"\n";
			showEnvVarsInLog = 0;
		};
/* End PBXShellScriptBuildPhase section */

/* Begin PBXSourcesBuildPhase section */
		694D1A88198DEF3400F80796 /* Sources */ = {
			isa = PBXSourcesBuildPhase;
			buildActionMask = 2147483647;
			files = (
				6914BA33199BC42E006B3BE7 /* CnblogNewsItem.m in Sources */,
				6943D5F5199672C3008828F4 /* SetViewController.m in Sources */,
				D312B62319B86FA20050B755 /* CnblogArticlesItem.m in Sources */,
				699B185119BAF40600941AF4 /* SimpleWebViewController.m in Sources */,
				D3606FD519BED21A0000F2FB /* CommentsItem.m in Sources */,
				699B184219BAE39600941AF4 /* SearchItem.m in Sources */,
				D3606FCA19BEC9F40000F2FB /* CnblogNewsDetialItem.m in Sources */,
				D312B62219B86FA20050B755 /* BlogsItem.m in Sources */,
				69075EAC19956116008DEF88 /* Unity.m in Sources */,
				699B184719BAEB5600941AF4 /* BlogsDetialItem.m in Sources */,
				D3606FE219BED2BD0000F2FB /* CommentsCell.m in Sources */,
				695137A519C0BD9B0001DF89 /* SDURLCache.m in Sources */,
				D32F3C9519BF0CC900B65444 /* CustomViewController.m in Sources */,
				6943D5F1199672C3008828F4 /* CollectionViewController.m in Sources */,
				694D1AA0198DEF3400F80796 /* AppDelegate.m in Sources */,
				69CD3891199BB8D000ED6743 /* MTAnimatedLabel.m in Sources */,
				694D1AD5198DF27300F80796 /* TabBarViewController.m in Sources */,
				69CD3895199BC31600ED6743 /* NewsItem.m in Sources */,
				6943D5F3199672C3008828F4 /* NewViewController.m in Sources */,
				B597FF701F3574960089580B /* UITableView+Unitl.m in Sources */,
				D30CBC6919C13F8F009B7B72 /* JSCache.m in Sources */,
				699B184A19BAEB7D00941AF4 /* NewsDetialItem.m in Sources */,
				D3606FD419BED21A0000F2FB /* CnblogCommentItem.m in Sources */,
				69CD388E199BB8D000ED6743 /* JSNetworkEngine.m in Sources */,
				694D1A9C198DEF3400F80796 /* main.m in Sources */,
				69841D0F199CE5C800D3C9A7 /* JSTableView.m in Sources */,
				D3606FE019BED2BD0000F2FB /* CnblogCommentCell.m in Sources */,
				699B185519BAF50E00941AF4 /* UINavigationItem+Unitl.m in Sources */,
				6943D5ED199672C3008828F4 /* DetialViewController.m in Sources */,
				69CD3885199BB88A00ED6743 /* Reachability.m in Sources */,
				D3606FE419BED2BD0000F2FB /* CommentsWithReferCell.m in Sources */,
				69075EA9199560DC008DEF88 /* UINavigationController+JS.m in Sources */,
				6943D5EF199672C3008828F4 /* SearchViewController.m in Sources */,
			);
			runOnlyForDeploymentPostprocessing = 0;
		};
/* End PBXSourcesBuildPhase section */

/* Begin PBXVariantGroup section */
		694D1A98198DEF3400F80796 /* InfoPlist.strings */ = {
			isa = PBXVariantGroup;
			children = (
				694D1A99198DEF3400F80796 /* en */,
			);
			name = InfoPlist.strings;
			sourceTree = "<group>";
		};
/* End PBXVariantGroup section */

/* Begin XCBuildConfiguration section */
		694D1ABC198DEF3400F80796 /* Debug */ = {
			isa = XCBuildConfiguration;
			buildSettings = {
				ALWAYS_SEARCH_USER_PATHS = NO;
				CLANG_ANALYZER_LOCALIZABILITY_NONLOCALIZED = YES;
				CLANG_CXX_LANGUAGE_STANDARD = "gnu++0x";
				CLANG_CXX_LIBRARY = "libc++";
				CLANG_ENABLE_MODULES = YES;
				CLANG_ENABLE_OBJC_ARC = YES;
				CLANG_WARN_BOOL_CONVERSION = YES;
				CLANG_WARN_CONSTANT_CONVERSION = YES;
				CLANG_WARN_DIRECT_OBJC_ISA_USAGE = YES_ERROR;
				CLANG_WARN_EMPTY_BODY = YES;
				CLANG_WARN_ENUM_CONVERSION = YES;
				CLANG_WARN_INFINITE_RECURSION = YES;
				CLANG_WARN_INT_CONVERSION = YES;
				CLANG_WARN_OBJC_ROOT_CLASS = YES_ERROR;
				CLANG_WARN_SUSPICIOUS_MOVE = YES;
				CLANG_WARN_UNREACHABLE_CODE = YES;
				CLANG_WARN__DUPLICATE_METHOD_MATCH = YES;
				"CODE_SIGN_IDENTITY[sdk=iphoneos*]" = "";
				COPY_PHASE_STRIP = NO;
				ENABLE_STRICT_OBJC_MSGSEND = NO;
				ENABLE_TESTABILITY = YES;
				GCC_C_LANGUAGE_STANDARD = gnu99;
				GCC_DYNAMIC_NO_PIC = NO;
				GCC_NO_COMMON_BLOCKS = YES;
				GCC_OPTIMIZATION_LEVEL = 0;
				GCC_PREPROCESSOR_DEFINITIONS = (
					"DEBUG=1",
					"$(inherited)",
				);
				GCC_SYMBOLS_PRIVATE_EXTERN = NO;
				GCC_WARN_64_TO_32_BIT_CONVERSION = YES;
				GCC_WARN_ABOUT_RETURN_TYPE = YES_ERROR;
				GCC_WARN_UNDECLARED_SELECTOR = YES;
				GCC_WARN_UNINITIALIZED_AUTOS = YES_AGGRESSIVE;
				GCC_WARN_UNUSED_FUNCTION = YES;
				GCC_WARN_UNUSED_VARIABLE = YES;
				HEADER_SEARCH_PATHS = "$(inherited)";
				IPHONEOS_DEPLOYMENT_TARGET = 8.0;
				ONLY_ACTIVE_ARCH = YES;
				SDKROOT = iphoneos;
				TARGETED_DEVICE_FAMILY = "1,2";
			};
			name = Debug;
		};
		694D1ABD198DEF3400F80796 /* Release */ = {
			isa = XCBuildConfiguration;
			buildSettings = {
				ALWAYS_SEARCH_USER_PATHS = NO;
				CLANG_ANALYZER_LOCALIZABILITY_NONLOCALIZED = YES;
				CLANG_CXX_LANGUAGE_STANDARD = "gnu++0x";
				CLANG_CXX_LIBRARY = "libc++";
				CLANG_ENABLE_MODULES = YES;
				CLANG_ENABLE_OBJC_ARC = YES;
				CLANG_WARN_BOOL_CONVERSION = YES;
				CLANG_WARN_CONSTANT_CONVERSION = YES;
				CLANG_WARN_DIRECT_OBJC_ISA_USAGE = YES_ERROR;
				CLANG_WARN_EMPTY_BODY = YES;
				CLANG_WARN_ENUM_CONVERSION = YES;
				CLANG_WARN_INFINITE_RECURSION = YES;
				CLANG_WARN_INT_CONVERSION = YES;
				CLANG_WARN_OBJC_ROOT_CLASS = YES_ERROR;
				CLANG_WARN_SUSPICIOUS_MOVE = YES;
				CLANG_WARN_UNREACHABLE_CODE = YES;
				CLANG_WARN__DUPLICATE_METHOD_MATCH = YES;
				"CODE_SIGN_IDENTITY[sdk=iphoneos*]" = "";
				COPY_PHASE_STRIP = YES;
				ENABLE_NS_ASSERTIONS = NO;
				ENABLE_STRICT_OBJC_MSGSEND = NO;
				GCC_C_LANGUAGE_STANDARD = gnu99;
				GCC_NO_COMMON_BLOCKS = YES;
				GCC_WARN_64_TO_32_BIT_CONVERSION = YES;
				GCC_WARN_ABOUT_RETURN_TYPE = YES_ERROR;
				GCC_WARN_UNDECLARED_SELECTOR = YES;
				GCC_WARN_UNINITIALIZED_AUTOS = YES_AGGRESSIVE;
				GCC_WARN_UNUSED_FUNCTION = YES;
				GCC_WARN_UNUSED_VARIABLE = YES;
				HEADER_SEARCH_PATHS = "$(inherited)";
				IPHONEOS_DEPLOYMENT_TARGET = 8.0;
				SDKROOT = iphoneos;
				TARGETED_DEVICE_FAMILY = "1,2";
				VALIDATE_PRODUCT = YES;
			};
			name = Release;
		};
		694D1ABF198DEF3400F80796 /* Debug */ = {
			isa = XCBuildConfiguration;
			baseConfigurationReference = ED77C341E358E6E0FA5E4CA6 /* Pods-myInfo.debug.xcconfig */;
			buildSettings = {
				ASSETCATALOG_COMPILER_APPICON_NAME = AppIcon;
				ASSETCATALOG_COMPILER_LAUNCHIMAGE_NAME = LaunchImage;
				CLANG_ENABLE_OBJC_ARC = NO;
				CODE_SIGN_IDENTITY = "iPhone Distribution";
				"CODE_SIGN_IDENTITY[sdk=iphoneos*]" = "iPhone Distribution";
				DEVELOPMENT_TEAM = YEY5X4M2R7;
				ENABLE_BITCODE = NO;
				GCC_PRECOMPILE_PREFIX_HEADER = YES;
				GCC_PREFIX_HEADER = "myInfo/myInfo-Prefix.pch";
				HEADER_SEARCH_PATHS = "$(inherited)";
				INFOPLIST_FILE = "myInfo/myInfo-Info.plist";
				IPHONEOS_DEPLOYMENT_TARGET = 8.0;
				LIBRARY_SEARCH_PATHS = (
					"$(inherited)",
					"$(PROJECT_DIR)/myInfo/Models/GDTMob",
				);
				OTHER_LDFLAGS = (
					"-ObjC",
					"$(inherited)",
				);
				PRODUCT_BUNDLE_IDENTIFIER = com.samcooperstudio.itinfo;
				PRODUCT_NAME = "$(TARGET_NAME)";
				PROVISIONING_PROFILE = "3578ec10-da3a-4070-af6b-b07435f2c92b";
				PROVISIONING_PROFILE_SPECIFIER = itinfo_Distribution;
				TARGETED_DEVICE_FAMILY = "1,2";
				WRAPPER_EXTENSION = app;
			};
			name = Debug;
		};
		694D1AC0198DEF3400F80796 /* Release */ = {
			isa = XCBuildConfiguration;
			baseConfigurationReference = 1C4C58753CFF68E053F2C94D /* Pods-myInfo.release.xcconfig */;
			buildSettings = {
				ASSETCATALOG_COMPILER_APPICON_NAME = AppIcon;
				ASSETCATALOG_COMPILER_LAUNCHIMAGE_NAME = LaunchImage;
				CLANG_ENABLE_OBJC_ARC = NO;
				CODE_SIGN_IDENTITY = "iPhone Distribution";
				"CODE_SIGN_IDENTITY[sdk=iphoneos*]" = "iPhone Distribution";
				DEVELOPMENT_TEAM = YEY5X4M2R7;
				ENABLE_BITCODE = NO;
				GCC_PRECOMPILE_PREFIX_HEADER = YES;
				GCC_PREFIX_HEADER = "myInfo/myInfo-Prefix.pch";
				HEADER_SEARCH_PATHS = "$(inherited)";
				INFOPLIST_FILE = "myInfo/myInfo-Info.plist";
				IPHONEOS_DEPLOYMENT_TARGET = 8.0;
				LIBRARY_SEARCH_PATHS = (
					"$(inherited)",
					"$(PROJECT_DIR)/myInfo/Models/GDTMob",
				);
				OTHER_LDFLAGS = (
					"-ObjC",
					"$(inherited)",
				);
				PRODUCT_BUNDLE_IDENTIFIER = com.samcooperstudio.itinfo;
				PRODUCT_NAME = "$(TARGET_NAME)";
				PROVISIONING_PROFILE = "3578ec10-da3a-4070-af6b-b07435f2c92b";
				PROVISIONING_PROFILE_SPECIFIER = itinfo_Distribution;
				TARGETED_DEVICE_FAMILY = "1,2";
				WRAPPER_EXTENSION = app;
			};
			name = Release;
		};
/* End XCBuildConfiguration section */

/* Begin XCConfigurationList section */
		694D1A87198DEF3400F80796 /* Build configuration list for PBXProject "myInfo" */ = {
			isa = XCConfigurationList;
			buildConfigurations = (
				694D1ABC198DEF3400F80796 /* Debug */,
				694D1ABD198DEF3400F80796 /* Release */,
			);
			defaultConfigurationIsVisible = 0;
			defaultConfigurationName = Release;
		};
		694D1ABE198DEF3400F80796 /* Build configuration list for PBXNativeTarget "myInfo" */ = {
			isa = XCConfigurationList;
			buildConfigurations = (
				694D1ABF198DEF3400F80796 /* Debug */,
				694D1AC0198DEF3400F80796 /* Release */,
			);
			defaultConfigurationIsVisible = 0;
			defaultConfigurationName = Release;
		};
/* End XCConfigurationList section */
	};
	rootObject = 694D1A84198DEF3400F80796 /* Project object */;
}
